
Microsoft Visual Studio Solution File, Format Version 12.00
# Visual Studio Version 17
VisualStudioVersion = 17.1.32210.238
MinimumVisualStudioVersion = 10.0.40219.1
Project("{FAE04EC0-301F-11D3-BF4B-00C04F79EFBC}") = "RobotWars", "RobotWars\RobotWars.csproj", "{565C2105-D063-4912-821A-E59B64DA6ED2}"
EndProject
Project("{FAE04EC0-301F-11D3-BF4B-00C04F79EFBC}") = "RobotWarsTest", "RobotWarsTest\RobotWarsTest.csproj", "{92C87409-9ADC-4B21-802E-DB15C59D327E}"
EndProject
Project("{FAE04EC0-301F-11D3-BF4B-00C04F79EFBC}") = "RobotWarsShared", "RobotWarsShared\RobotWarsShared.csproj", "{B170638D-5C8F-4FF3-90B6-CA1F1BFA1CBE}"
EndProject
Global
	GlobalSection(SolutionConfigurationPlatforms) = preSolution
		Debug|Any CPU = Debug|Any CPU
		Release|Any CPU = Release|Any CPU
	EndGlobalSection
	GlobalSection(ProjectConfigurationPlatforms) = postSolution
		{565C2105-D063-4912-821A-E59B64DA6ED2}.Debug|Any CPU.ActiveCfg = Debug|Any CPU
		{565C2105-D063-4912-821A-E59B64DA6ED2}.Debug|Any CPU.Build.0 = Debug|Any CPU
		{565C2105-D063-4912-821A-E59B64DA6ED2}.Release|Any CPU.ActiveCfg = Release|Any CPU
		{565C2105-D063-4912-821A-E59B64DA6ED2}.Release|Any CPU.Build.0 = Release|Any CPU
		{92C87409-9ADC-4B21-802E-DB15C59D327E}.Debug|Any CPU.ActiveCfg = Debug|Any CPU
		{92C87409-9ADC-4B21-802E-DB15C59D327E}.Debug|Any CPU.Build.0 = Debug|Any CPU
		{92C87409-9ADC-4B21-802E-DB15C59D327E}.Release|Any CPU.ActiveCfg = Release|Any CPU
		{92C87409-9ADC-4B21-802E-DB15C59D327E}.Release|Any CPU.Build.0 = Release|Any CPU
		{B170638D-5C8F-4FF3-90B6-CA1F1BFA1CBE}.Debug|Any CPU.ActiveCfg = Debug|Any CPU
		{B170638D-5C8F-4FF3-90B6-CA1F1BFA1CBE}.Debug|Any CPU.Build.0 = Debug|Any CPU
		{B170638D-5C8F-4FF3-90B6-CA1F1BFA1CBE}.Release|Any CPU.ActiveCfg = Release|Any CPU
		{B170638D-5C8F-4FF3-90B6-CA1F1BFA1CBE}.Release|Any CPU.Build.0 = Release|Any CPU
	EndGlobalSection
	GlobalSection(SolutionProperties) = preSolution
		HideSolutionNode = FALSE
	EndGlobalSection
	GlobalSection(ExtensibilityGlobals) = postSolution
		SolutionGuid = {2EB44B42-961E-469D-B8EB-99F834751548}
	EndGlobalSection
EndGlobal
