
Microsoft Visual Studio Solution File, Format Version 12.00
# Visual Studio Version 17
VisualStudioVersion = 17.1.32210.238
MinimumVisualStudioVersion = 10.0.40219.1
Project("{FAE04EC0-301F-11D3-BF4B-00C04F79EFBC}") = "SupermarketKataShared", "SupermarketKataShared\SupermarketKataShared.csproj", "{77436BD2-F867-4EFA-9E0F-76C0BA67D72B}"
EndProject
Project("{FAE04EC0-301F-11D3-BF4B-00C04F79EFBC}") = "SupermarketKataTests", "SupermarketKataTests\SupermarketKataTests.csproj", "{F397AF61-1DFF-4A29-AAFC-9BF6F63B8A02}"
EndProject
Global
	GlobalSection(SolutionConfigurationPlatforms) = preSolution
		Debug|Any CPU = Debug|Any CPU
		Release|Any CPU = Release|Any CPU
	EndGlobalSection
	GlobalSection(ProjectConfigurationPlatforms) = postSolution
		{77436BD2-F867-4EFA-9E0F-76C0BA67D72B}.Debug|Any CPU.ActiveCfg = Debug|Any CPU
		{77436BD2-F867-4EFA-9E0F-76C0BA67D72B}.Debug|Any CPU.Build.0 = Debug|Any CPU
		{77436BD2-F867-4EFA-9E0F-76C0BA67D72B}.Release|Any CPU.ActiveCfg = Release|Any CPU
		{77436BD2-F867-4EFA-9E0F-76C0BA67D72B}.Release|Any CPU.Build.0 = Release|Any CPU
		{F397AF61-1DFF-4A29-AAFC-9BF6F63B8A02}.Debug|Any CPU.ActiveCfg = Debug|Any CPU
		{F397AF61-1DFF-4A29-AAFC-9BF6F63B8A02}.Debug|Any CPU.Build.0 = Debug|Any CPU
		{F397AF61-1DFF-4A29-AAFC-9BF6F63B8A02}.Release|Any CPU.ActiveCfg = Release|Any CPU
		{F397AF61-1DFF-4A29-AAFC-9BF6F63B8A02}.Release|Any CPU.Build.0 = Release|Any CPU
	EndGlobalSection
	GlobalSection(SolutionProperties) = preSolution
		HideSolutionNode = FALSE
	EndGlobalSection
	GlobalSection(ExtensibilityGlobals) = postSolution
		SolutionGuid = {EE167C1D-7D86-48D1-950B-61F20390B4DA}
	EndGlobalSection
EndGlobal
